
Microsoft Visual Studio Solution File, Format Version 12.00
# Visual Studio Version 17
VisualStudioVersion = 17.2.32616.157
MinimumVisualStudioVersion = 10.0.40219.1
Project("{9A19103F-16F7-4668-BE54-9A1E7A4F7556}") = "MFMS.WebAPI", "MFMS.WebAPI\MFMS.WebAPI.csproj", "{C8D8BDF7-A51A-47C7-9709-C3EF30F0A9FA}"
EndProject
Project("{9A19103F-16F7-4668-BE54-9A1E7A4F7556}") = "MFMS.Domain", "MFMS.Domain\MFMS.Domain.csproj", "{CA14FC77-843B-4894-934A-867C735C1E54}"
EndProject
Project("{9A19103F-16F7-4668-BE54-9A1E7A4F7556}") = "MFMS.Application", "MFMS.Application\MFMS.Application.csproj", "{244F1D37-4811-43A3-A861-88FD55650A13}"
EndProject
Project("{9A19103F-16F7-4668-BE54-9A1E7A4F7556}") = "MFMS.Infrastructure", "MFMS.Infrastructure\MFMS.Infrastructure.csproj", "{89F1EB8E-19F6-48E4-BD6E-9A048D43F152}"
EndProject
Project("{9A19103F-16F7-4668-BE54-9A1E7A4F7556}") = "MFMS.API", "MFMS.API\MFMS.API.csproj", "{A65C5A10-4E86-4C1A-BE18-C1730761B22A}"
EndProject
Project("{FAE04EC0-301F-11D3-BF4B-00C04F79EFBC}") = "MFMS.DataTransferObject", "MFMS.DataTransferObject\MFMS.DataTransferObject.csproj", "{A36513CC-12D5-4FBB-A912-F8FCAD8F4984}"
EndProject
Global
	GlobalSection(SolutionConfigurationPlatforms) = preSolution
		Debug|Any CPU = Debug|Any CPU
		Release|Any CPU = Release|Any CPU
	EndGlobalSection
	GlobalSection(ProjectConfigurationPlatforms) = postSolution
		{C8D8BDF7-A51A-47C7-9709-C3EF30F0A9FA}.Debug|Any CPU.ActiveCfg = Debug|Any CPU
		{C8D8BDF7-A51A-47C7-9709-C3EF30F0A9FA}.Debug|Any CPU.Build.0 = Debug|Any CPU
		{C8D8BDF7-A51A-47C7-9709-C3EF30F0A9FA}.Release|Any CPU.ActiveCfg = Release|Any CPU
		{C8D8BDF7-A51A-47C7-9709-C3EF30F0A9FA}.Release|Any CPU.Build.0 = Release|Any CPU
		{CA14FC77-843B-4894-934A-867C735C1E54}.Debug|Any CPU.ActiveCfg = Debug|Any CPU
		{CA14FC77-843B-4894-934A-867C735C1E54}.Debug|Any CPU.Build.0 = Debug|Any CPU
		{CA14FC77-843B-4894-934A-867C735C1E54}.Release|Any CPU.ActiveCfg = Release|Any CPU
		{CA14FC77-843B-4894-934A-867C735C1E54}.Release|Any CPU.Build.0 = Release|Any CPU
		{244F1D37-4811-43A3-A861-88FD55650A13}.Debug|Any CPU.ActiveCfg = Debug|Any CPU
		{244F1D37-4811-43A3-A861-88FD55650A13}.Debug|Any CPU.Build.0 = Debug|Any CPU
		{244F1D37-4811-43A3-A861-88FD55650A13}.Release|Any CPU.ActiveCfg = Release|Any CPU
		{244F1D37-4811-43A3-A861-88FD55650A13}.Release|Any CPU.Build.0 = Release|Any CPU
		{89F1EB8E-19F6-48E4-BD6E-9A048D43F152}.Debug|Any CPU.ActiveCfg = Debug|Any CPU
		{89F1EB8E-19F6-48E4-BD6E-9A048D43F152}.Debug|Any CPU.Build.0 = Debug|Any CPU
		{89F1EB8E-19F6-48E4-BD6E-9A048D43F152}.Release|Any CPU.ActiveCfg = Release|Any CPU
		{89F1EB8E-19F6-48E4-BD6E-9A048D43F152}.Release|Any CPU.Build.0 = Release|Any CPU
		{A65C5A10-4E86-4C1A-BE18-C1730761B22A}.Debug|Any CPU.ActiveCfg = Debug|Any CPU
		{A65C5A10-4E86-4C1A-BE18-C1730761B22A}.Debug|Any CPU.Build.0 = Debug|Any CPU
		{A65C5A10-4E86-4C1A-BE18-C1730761B22A}.Release|Any CPU.ActiveCfg = Release|Any CPU
		{A65C5A10-4E86-4C1A-BE18-C1730761B22A}.Release|Any CPU.Build.0 = Release|Any CPU
		{A36513CC-12D5-4FBB-A912-F8FCAD8F4984}.Debug|Any CPU.ActiveCfg = Debug|Any CPU
		{A36513CC-12D5-4FBB-A912-F8FCAD8F4984}.Debug|Any CPU.Build.0 = Debug|Any CPU
		{A36513CC-12D5-4FBB-A912-F8FCAD8F4984}.Release|Any CPU.ActiveCfg = Release|Any CPU
		{A36513CC-12D5-4FBB-A912-F8FCAD8F4984}.Release|Any CPU.Build.0 = Release|Any CPU
	EndGlobalSection
	GlobalSection(SolutionProperties) = preSolution
		HideSolutionNode = FALSE
	EndGlobalSection
	GlobalSection(ExtensibilityGlobals) = postSolution
		SolutionGuid = {E8F06DFF-6D52-4BD2-9AEC-F070C659EF90}
	EndGlobalSection
EndGlobal
